
Microsoft Visual Studio Solution File, Format Version 12.00
# Visual Studio Version 16
VisualStudioVersion = 16.0.29230.47
MinimumVisualStudioVersion = 10.0.40219.1
Project("{FAE04EC0-301F-11D3-BF4B-00C04F79EFBC}") = "IntelimundoERP", "IntelimundoERP.csproj", "{254901B4-6CA6-4ACB-99DE-8E7D97BC1A74}"
EndProject
Global
	GlobalSection(SolutionConfigurationPlatforms) = preSolution
		Debug|Any CPU = Debug|Any CPU
		Release|Any CPU = Release|Any CPU
	EndGlobalSection
	GlobalSection(ProjectConfigurationPlatforms) = postSolution
		{254901B4-6CA6-4ACB-99DE-8E7D97BC1A74}.Debug|Any CPU.ActiveCfg = Debug|Any CPU
		{254901B4-6CA6-4ACB-99DE-8E7D97BC1A74}.Debug|Any CPU.Build.0 = Debug|Any CPU
		{254901B4-6CA6-4ACB-99DE-8E7D97BC1A74}.Release|Any CPU.ActiveCfg = Release|Any CPU
		{254901B4-6CA6-4ACB-99DE-8E7D97BC1A74}.Release|Any CPU.Build.0 = Release|Any CPU
	EndGlobalSection
	GlobalSection(SolutionProperties) = preSolution
		HideSolutionNode = FALSE
	EndGlobalSection
	GlobalSection(ExtensibilityGlobals) = postSolution
		SolutionGuid = {285AC907-1CC5-4C00-A950-2E97326FA8C7}
	EndGlobalSection
EndGlobal
